
Microsoft Visual Studio Solution File, Format Version 12.00
Project("{FAE04EC0-301F-11D3-BF4B-00C04F79EFBC}") = "Matching Brackets", "Matching Brackets\Matching Brackets.csproj", "{10509BFF-4FFD-420D-802A-4FBE9617BE77}"
EndProject
Global
	GlobalSection(SolutionConfigurationPlatforms) = preSolution
		Debug|Any CPU = Debug|Any CPU
		Release|Any CPU = Release|Any CPU
	EndGlobalSection
	GlobalSection(ProjectConfigurationPlatforms) = postSolution
		{10509BFF-4FFD-420D-802A-4FBE9617BE77}.Debug|Any CPU.ActiveCfg = Debug|Any CPU
		{10509BFF-4FFD-420D-802A-4FBE9617BE77}.Debug|Any CPU.Build.0 = Debug|Any CPU
		{10509BFF-4FFD-420D-802A-4FBE9617BE77}.Release|Any CPU.ActiveCfg = Release|Any CPU
		{10509BFF-4FFD-420D-802A-4FBE9617BE77}.Release|Any CPU.Build.0 = Release|Any CPU
	EndGlobalSection
EndGlobal
